github.com/akerl/timber/v2 v2.0.1 h1:hY4VCOJns7KsxwxP/ifSt3Rz9GZCfKewapaimObnA2E=
github.com/akerl/timber/v2 v2.0.1/go.mod h1:jBjRGI2CWuvbZlrZkp1JO/X51pMlbg72NFy+Vnd59oI=
github.com/google/go-cmp v0.5.9 h1:O2Tfq5qg4qc4AmwVlvv0oLiVAGB7enBSJ2x2DqQFi38=
github.com/google/go-cmp v0.5.9/go.mod h1:17dUlkBOakJ0+DkrSSNjCkIjxS6bF9zb3elmeNGIjoY=
github.com/jamespfennell/xz v0.1.2 h1:iCw5kScLfGCceOKgQaGuj5RilAAlV4iiwauYntak2oU=
github.com/jamespfennell/xz v0.1.2/go.mod h1:DhpWvZY1xDkK/6BREFl3c3R/fZh7IBdYq2m7xh4uLl0=
github.com/jaredallard/archives v1.0.1 h1:3bh7LxIeKsk1HriIvpG8WtRFYrdu3O44Bo4wxg6kqWI=
github.com/jaredallard/archives v1.0.1/go.mod h1:JOlx/hhUSK9qcs/wMjz5sbC8R9zDF9pmMLS9iUinGuk=
github.com/klauspost/compress v1.18.0 h1:c/Cqfb0r+Yi+JtIEq73FWXVkRonBlf0CRNYc8Zttxdo=
github.com/klauspost/compress v1.18.0/go.mod h1:2Pp+KzxcywXVXMr50+X0Q/Lsb43OQHYWRCY2AiWywWQ=
github.com/ulikunitz/xz v0.5.12 h1:37Nm15o69RwBkXM0J6A5OlE67RZTfzUxTj8fB3dfcsc=
github.com/ulikunitz/xz v0.5.12/go.mod h1:nbz6k7qbPmH4IRqmfOplQw/tblSgqTqBwxkY0oWt/14=
gotest.tools/v3 v3.5.2 h1:7koQfIKdy+I8UTetycgUqXWSDwpgv193Ka+qRsmBY8Q=
gotest.tools/v3 v3.5.2/go.mod h1:LtdLGcnqToBH83WByAAi/wiwSFCArdFIUV/xxN4pcjA=
